
Microsoft Visual Studio Solution File, Format Version 12.00
# Visual Studio Version 16
VisualStudioVersion = 16.0.31005.135
MinimumVisualStudioVersion = 10.0.40219.1
Project("{FAE04EC0-301F-11D3-BF4B-00C04F79EFBC}") = "Observer_Pattern", "Observer_Pattern\Observer_Pattern.csproj", "{DD2097FE-7178-4A8B-8613-2333B048FC5B}"
EndProject
Global
	GlobalSection(SolutionConfigurationPlatforms) = preSolution
		Debug|Any CPU = Debug|Any CPU
		Release|Any CPU = Release|Any CPU
	EndGlobalSection
	GlobalSection(ProjectConfigurationPlatforms) = postSolution
		{DD2097FE-7178-4A8B-8613-2333B048FC5B}.Debug|Any CPU.ActiveCfg = Debug|Any CPU
		{DD2097FE-7178-4A8B-8613-2333B048FC5B}.Debug|Any CPU.Build.0 = Debug|Any CPU
		{DD2097FE-7178-4A8B-8613-2333B048FC5B}.Release|Any CPU.ActiveCfg = Release|Any CPU
		{DD2097FE-7178-4A8B-8613-2333B048FC5B}.Release|Any CPU.Build.0 = Release|Any CPU
	EndGlobalSection
	GlobalSection(SolutionProperties) = preSolution
		HideSolutionNode = FALSE
	EndGlobalSection
	GlobalSection(ExtensibilityGlobals) = postSolution
		SolutionGuid = {E616FBE2-B9BA-426D-A99A-37A2F20F7C59}
	EndGlobalSection
EndGlobal
