
Microsoft Visual Studio Solution File, Format Version 12.00
# Visual Studio Version 17
VisualStudioVersion = 17.4.33205.214
MinimumVisualStudioVersion = 10.0.40219.1
Project("{FAE04EC0-301F-11D3-BF4B-00C04F79EFBC}") = "Decorator", "Decorator\Decorator.csproj", "{0B5C2CB9-688B-434F-A45A-2481DA71C368}"
EndProject
Global
	GlobalSection(SolutionConfigurationPlatforms) = preSolution
		Debug|Any CPU = Debug|Any CPU
		Release|Any CPU = Release|Any CPU
	EndGlobalSection
	GlobalSection(ProjectConfigurationPlatforms) = postSolution
		{0B5C2CB9-688B-434F-A45A-2481DA71C368}.Debug|Any CPU.ActiveCfg = Debug|Any CPU
		{0B5C2CB9-688B-434F-A45A-2481DA71C368}.Debug|Any CPU.Build.0 = Debug|Any CPU
		{0B5C2CB9-688B-434F-A45A-2481DA71C368}.Release|Any CPU.ActiveCfg = Release|Any CPU
		{0B5C2CB9-688B-434F-A45A-2481DA71C368}.Release|Any CPU.Build.0 = Release|Any CPU
	EndGlobalSection
	GlobalSection(SolutionProperties) = preSolution
		HideSolutionNode = FALSE
	EndGlobalSection
	GlobalSection(ExtensibilityGlobals) = postSolution
		SolutionGuid = {16861A34-A3DA-4FC3-8C1D-7ACC2E08F4B6}
	EndGlobalSection
EndGlobal
